
Microsoft Visual Studio Solution File, Format Version 12.00
# Visual Studio Version 17
VisualStudioVersion = 17.12.35514.174 d17.12
MinimumVisualStudioVersion = 10.0.40219.1
Project("{FAE04EC0-301F-11D3-BF4B-00C04F79EFBC}") = "task05", "task05\task05.csproj", "{BF93B5FE-3EED-40D0-9AE5-2F6A27B8433B}"
EndProject
Project("{FAE04EC0-301F-11D3-BF4B-00C04F79EFBC}") = "task05tests", "task05tests\task05tests.csproj", "{5DDFE2AF-4E5F-4FFD-9824-874E8B290107}"
EndProject
Global
	GlobalSection(SolutionConfigurationPlatforms) = preSolution
		Debug|Any CPU = Debug|Any CPU
		Release|Any CPU = Release|Any CPU
	EndGlobalSection
	GlobalSection(ProjectConfigurationPlatforms) = postSolution
		{BF93B5FE-3EED-40D0-9AE5-2F6A27B8433B}.Debug|Any CPU.ActiveCfg = Debug|Any CPU
		{BF93B5FE-3EED-40D0-9AE5-2F6A27B8433B}.Debug|Any CPU.Build.0 = Debug|Any CPU
		{BF93B5FE-3EED-40D0-9AE5-2F6A27B8433B}.Release|Any CPU.ActiveCfg = Release|Any CPU
		{BF93B5FE-3EED-40D0-9AE5-2F6A27B8433B}.Release|Any CPU.Build.0 = Release|Any CPU
		{5DDFE2AF-4E5F-4FFD-9824-874E8B290107}.Debug|Any CPU.ActiveCfg = Debug|Any CPU
		{5DDFE2AF-4E5F-4FFD-9824-874E8B290107}.Debug|Any CPU.Build.0 = Debug|Any CPU
		{5DDFE2AF-4E5F-4FFD-9824-874E8B290107}.Release|Any CPU.ActiveCfg = Release|Any CPU
		{5DDFE2AF-4E5F-4FFD-9824-874E8B290107}.Release|Any CPU.Build.0 = Release|Any CPU
	EndGlobalSection
	GlobalSection(SolutionProperties) = preSolution
		HideSolutionNode = FALSE
	EndGlobalSection
EndGlobal
