
Microsoft Visual Studio Solution File, Format Version 12.00
# Visual Studio Version 17
VisualStudioVersion = 17.12.35514.174 d17.12
MinimumVisualStudioVersion = 10.0.40219.1
Project("{FAE04EC0-301F-11D3-BF4B-00C04F79EFBC}") = "task03", "task03\task03.csproj", "{40B34097-106D-4FCA-B48E-78A6687E16F9}"
EndProject
Project("{FAE04EC0-301F-11D3-BF4B-00C04F79EFBC}") = "task03tests", "task03tests\task03tests.csproj", "{46288EED-8B66-42E2-A081-A1EE031BB3E8}"
EndProject
Global
	GlobalSection(SolutionConfigurationPlatforms) = preSolution
		Debug|Any CPU = Debug|Any CPU
		Release|Any CPU = Release|Any CPU
	EndGlobalSection
	GlobalSection(ProjectConfigurationPlatforms) = postSolution
		{40B34097-106D-4FCA-B48E-78A6687E16F9}.Debug|Any CPU.ActiveCfg = Debug|Any CPU
		{40B34097-106D-4FCA-B48E-78A6687E16F9}.Debug|Any CPU.Build.0 = Debug|Any CPU
		{40B34097-106D-4FCA-B48E-78A6687E16F9}.Release|Any CPU.ActiveCfg = Release|Any CPU
		{40B34097-106D-4FCA-B48E-78A6687E16F9}.Release|Any CPU.Build.0 = Release|Any CPU
		{46288EED-8B66-42E2-A081-A1EE031BB3E8}.Debug|Any CPU.ActiveCfg = Debug|Any CPU
		{46288EED-8B66-42E2-A081-A1EE031BB3E8}.Debug|Any CPU.Build.0 = Debug|Any CPU
		{46288EED-8B66-42E2-A081-A1EE031BB3E8}.Release|Any CPU.ActiveCfg = Release|Any CPU
		{46288EED-8B66-42E2-A081-A1EE031BB3E8}.Release|Any CPU.Build.0 = Release|Any CPU
	EndGlobalSection
	GlobalSection(SolutionProperties) = preSolution
		HideSolutionNode = FALSE
	EndGlobalSection
EndGlobal
